
Microsoft Visual Studio Solution File, Format Version 12.00
# Visual Studio Version 17
VisualStudioVersion = 17.5.33424.131
MinimumVisualStudioVersion = 10.0.40219.1
Project("{8BC9CEB8-8B4A-11D0-8D11-00A0C91BC942}") = "Farm_game", "Farm_game.vcxproj", "{57A2484B-5E49-46EE-B77B-286CFE65A027}"
EndProject
Global
	GlobalSection(SolutionConfigurationPlatforms) = preSolution
		Debug|Any CPU = Debug|Any CPU
		Debug|arm64 = Debug|arm64
		Debug|x64 = Debug|x64
		Debug|x86 = Debug|x86
		Release|Any CPU = Release|Any CPU
		Release|arm64 = Release|arm64
		Release|x64 = Release|x64
		Release|x86 = Release|x86
	EndGlobalSection
	GlobalSection(ProjectConfigurationPlatforms) = postSolution
		{57A2484B-5E49-46EE-B77B-286CFE65A027}.Debug|Any CPU.ActiveCfg = Debug|x64
		{57A2484B-5E49-46EE-B77B-286CFE65A027}.Debug|Any CPU.Build.0 = Debug|x64
		{57A2484B-5E49-46EE-B77B-286CFE65A027}.Debug|arm64.ActiveCfg = Debug|x64
		{57A2484B-5E49-46EE-B77B-286CFE65A027}.Debug|arm64.Build.0 = Debug|x64
		{57A2484B-5E49-46EE-B77B-286CFE65A027}.Debug|x64.ActiveCfg = Debug|x64
		{57A2484B-5E49-46EE-B77B-286CFE65A027}.Debug|x64.Build.0 = Debug|x64
		{57A2484B-5E49-46EE-B77B-286CFE65A027}.Debug|x86.ActiveCfg = Debug|Win32
		{57A2484B-5E49-46EE-B77B-286CFE65A027}.Debug|x86.Build.0 = Debug|Win32
		{57A2484B-5E49-46EE-B77B-286CFE65A027}.Release|Any CPU.ActiveCfg = Release|x64
		{57A2484B-5E49-46EE-B77B-286CFE65A027}.Release|Any CPU.Build.0 = Release|x64
		{57A2484B-5E49-46EE-B77B-286CFE65A027}.Release|arm64.ActiveCfg = Release|x64
		{57A2484B-5E49-46EE-B77B-286CFE65A027}.Release|arm64.Build.0 = Release|x64
		{57A2484B-5E49-46EE-B77B-286CFE65A027}.Release|x64.ActiveCfg = Release|x64
		{57A2484B-5E49-46EE-B77B-286CFE65A027}.Release|x64.Build.0 = Release|x64
		{57A2484B-5E49-46EE-B77B-286CFE65A027}.Release|x86.ActiveCfg = Release|Win32
		{57A2484B-5E49-46EE-B77B-286CFE65A027}.Release|x86.Build.0 = Release|Win32
	EndGlobalSection
	GlobalSection(SolutionProperties) = preSolution
		HideSolutionNode = FALSE
	EndGlobalSection
	GlobalSection(ExtensibilityGlobals) = postSolution
		SolutionGuid = {A85E6DF4-0C47-49AF-9D38-773434D6F5AA}
	EndGlobalSection
EndGlobal
